// !$*UTF8*$!
{
	archiveVersion = 1;
	classes = {
	};
	objectVersion = 54;
	objects = {

/* Begin PBXBuildFile section */
		181C56CAC2F2A7A67ABF2D08 /* AttachmentsDemo.swift in Sources */ = {isa = PBXBuildFile; fileRef = A02364F6DEC4FADCDF1ACF1C /* AttachmentsDemo.swift */; };
		2E2C0C89D0722DC243BD5E90 /* SwiftChat in Frameworks */ = {isa = PBXBuildFile; productRef = B2A0E87F165C139C715B858E /* SwiftChat */; };
		2F02211906509A252CD36DF9 /* SwiftChatDemoApp.swift in Sources */ = {isa = PBXBuildFile; fileRef = CB690B725BC736B04E3F57EA /* SwiftChatDemoApp.swift */; };
		3F4388E82BDCDEA0D0E422BD /* SampleThreads.swift in Sources */ = {isa = PBXBuildFile; fileRef = E680EC0840211B423FBA925A /* SampleThreads.swift */; };
		4CC62686EE0BA57A7A598806 /* AgentDemo.swift in Sources */ = {isa = PBXBuildFile; fileRef = DFFFAF251B4D3FBF15FE4E97 /* AgentDemo.swift */; };
		54729615BC515F740024C3FF /* BenHeader.swift in Sources */ = {isa = PBXBuildFile; fileRef = 29F78B6446CF10D90B952EEF /* BenHeader.swift */; };
		5EA50472BBF53217D45C16BC /* HistoryDemo.swift in Sources */ = {isa = PBXBuildFile; fileRef = 65CEF02E0A409EBBE51F9589 /* HistoryDemo.swift */; };
		659C16A19980E47A09998F06 /* DemoList.swift in Sources */ = {isa = PBXBuildFile; fileRef = 47057ED3B8A6B47174132EC1 /* DemoList.swift */; };
		74DA53A350A7DB2E9DCAF453 /* ConversationDemo.swift in Sources */ = {isa = PBXBuildFile; fileRef = E3E0A003BFF8DC8F79355EE0 /* ConversationDemo.swift */; };
		813CAF5DF8F8B99593811E41 /* DemoMessage.swift in Sources */ = {isa = PBXBuildFile; fileRef = 73FB359325879ACD6240A798 /* DemoMessage.swift */; };
		8DC73E6934906AE1781B42F1 /* DemoDestination.swift in Sources */ = {isa = PBXBuildFile; fileRef = 5717982BD8F75BB38A8E75D2 /* DemoDestination.swift */; };
		99FBA294BBC482900260099A /* MessageMenu.swift in Sources */ = {isa = PBXBuildFile; fileRef = 69800184601B1FB45A0FF04E /* MessageMenu.swift */; };
		9D84E963A3B525FB0D95A638 /* PersonAvatar.swift in Sources */ = {isa = PBXBuildFile; fileRef = 1A829D8A9E5D94A57733890E /* PersonAvatar.swift */; };
		A131654AD17369F5182BEBF6 /* DemoTranscript.swift in Sources */ = {isa = PBXBuildFile; fileRef = 6310DCDF2AD4C2925E7C4403 /* DemoTranscript.swift */; };
		A326E6B654EDAC79A8D069CB /* DemoRow.swift in Sources */ = {isa = PBXBuildFile; fileRef = F3750738EE0575DDD74CDDF4 /* DemoRow.swift */; };
		A522595215F7F1B96795A45C /* GroupDemo.swift in Sources */ = {isa = PBXBuildFile; fileRef = 67334F85CBAA4B472C36F583 /* GroupDemo.swift */; };
		CDB554CEF44F0F83280BDE95 /* TintedDemo.swift in Sources */ = {isa = PBXBuildFile; fileRef = 713994DBB49E815139AD4415 /* TintedDemo.swift */; };
		D47E01E10006AD033674E7D5 /* Assets.xcassets in Resources */ = {isa = PBXBuildFile; fileRef = DA2FEA23702CA3F889A6912C /* Assets.xcassets */; };
		E20EEFA9AF7C8F0950A0D68C /* Demo.swift in Sources */ = {isa = PBXBuildFile; fileRef = 9FC8698A6BAB4C29CBF7EA63 /* Demo.swift */; };
		EB1760A8AE04C95A3C59CE7F /* People.swift in Sources */ = {isa = PBXBuildFile; fileRef = E73CB869F051C937CE459CC4 /* People.swift */; };
		EEDC58792C9C6A1CE5061936 /* Assistant.swift in Sources */ = {isa = PBXBuildFile; fileRef = 77885356CDD1CCF675B0BE4A /* Assistant.swift */; };
		F00F3C9B9BEF8AA7B4C789FF /* EmptyDemo.swift in Sources */ = {isa = PBXBuildFile; fileRef = A890D7D885B1DDDCF29ACD0C /* EmptyDemo.swift */; };
		F47A7EC581B36CA984B31A54 /* Conversation.swift in Sources */ = {isa = PBXBuildFile; fileRef = E483CD7C2876148E192FAF06 /* Conversation.swift */; };
/* End PBXBuildFile section */

/* Begin PBXFileReference section */
		1A829D8A9E5D94A57733890E /* PersonAvatar.swift */ = {isa = PBXFileReference; lastKnownFileType = sourcecode.swift; path = PersonAvatar.swift; sourceTree = "<group>"; };
		29F78B6446CF10D90B952EEF /* BenHeader.swift */ = {isa = PBXFileReference; lastKnownFileType = sourcecode.swift; path = BenHeader.swift; sourceTree = "<group>"; };
		47057ED3B8A6B47174132EC1 /* DemoList.swift */ = {isa = PBXFileReference; lastKnownFileType = sourcecode.swift; path = DemoList.swift; sourceTree = "<group>"; };
		55C46238396693047C044216 /* SwiftChatDemo.app */ = {isa = PBXFileReference; includeInIndex = 0; lastKnownFileType = wrapper.application; path = SwiftChatDemo.app; sourceTree = BUILT_PRODUCTS_DIR; };
		5717982BD8F75BB38A8E75D2 /* DemoDestination.swift */ = {isa = PBXFileReference; lastKnownFileType = sourcecode.swift; path = DemoDestination.swift; sourceTree = "<group>"; };
		6310DCDF2AD4C2925E7C4403 /* DemoTranscript.swift */ = {isa = PBXFileReference; lastKnownFileType = sourcecode.swift; path = DemoTranscript.swift; sourceTree = "<group>"; };
		65CEF02E0A409EBBE51F9589 /* HistoryDemo.swift */ = {isa = PBXFileReference; lastKnownFileType = sourcecode.swift; path = HistoryDemo.swift; sourceTree = "<group>"; };
		67334F85CBAA4B472C36F583 /* GroupDemo.swift */ = {isa = PBXFileReference; lastKnownFileType = sourcecode.swift; path = GroupDemo.swift; sourceTree = "<group>"; };
		69800184601B1FB45A0FF04E /* MessageMenu.swift */ = {isa = PBXFileReference; lastKnownFileType = sourcecode.swift; path = MessageMenu.swift; sourceTree = "<group>"; };
		713994DBB49E815139AD4415 /* TintedDemo.swift */ = {isa = PBXFileReference; lastKnownFileType = sourcecode.swift; path = TintedDemo.swift; sourceTree = "<group>"; };
		73FB359325879ACD6240A798 /* DemoMessage.swift */ = {isa = PBXFileReference; lastKnownFileType = sourcecode.swift; path = DemoMessage.swift; sourceTree = "<group>"; };
		77885356CDD1CCF675B0BE4A /* Assistant.swift */ = {isa = PBXFileReference; lastKnownFileType = sourcecode.swift; path = Assistant.swift; sourceTree = "<group>"; };
		9FC8698A6BAB4C29CBF7EA63 /* Demo.swift */ = {isa = PBXFileReference; lastKnownFileType = sourcecode.swift; path = Demo.swift; sourceTree = "<group>"; };
		A02364F6DEC4FADCDF1ACF1C /* AttachmentsDemo.swift */ = {isa = PBXFileReference; lastKnownFileType = sourcecode.swift; path = AttachmentsDemo.swift; sourceTree = "<group>"; };
		A890D7D885B1DDDCF29ACD0C /* EmptyDemo.swift */ = {isa = PBXFileReference; lastKnownFileType = sourcecode.swift; path = EmptyDemo.swift; sourceTree = "<group>"; };
		CB690B725BC736B04E3F57EA /* SwiftChatDemoApp.swift */ = {isa = PBXFileReference; lastKnownFileType = sourcecode.swift; path = SwiftChatDemoApp.swift; sourceTree = "<group>"; };
		DA2FEA23702CA3F889A6912C /* Assets.xcassets */ = {isa = PBXFileReference; lastKnownFileType = folder.assetcatalog; path = Assets.xcassets; sourceTree = "<group>"; };
		DFFFAF251B4D3FBF15FE4E97 /* AgentDemo.swift */ = {isa = PBXFileReference; lastKnownFileType = sourcecode.swift; path = AgentDemo.swift; sourceTree = "<group>"; };
		E3E0A003BFF8DC8F79355EE0 /* ConversationDemo.swift */ = {isa = PBXFileReference; lastKnownFileType = sourcecode.swift; path = ConversationDemo.swift; sourceTree = "<group>"; };
		E483CD7C2876148E192FAF06 /* Conversation.swift */ = {isa = PBXFileReference; lastKnownFileType = sourcecode.swift; path = Conversation.swift; sourceTree = "<group>"; };
		E680EC0840211B423FBA925A /* SampleThreads.swift */ = {isa = PBXFileReference; lastKnownFileType = sourcecode.swift; path = SampleThreads.swift; sourceTree = "<group>"; };
		E73CB869F051C937CE459CC4 /* People.swift */ = {isa = PBXFileReference; lastKnownFileType = sourcecode.swift; path = People.swift; sourceTree = "<group>"; };
		F3750738EE0575DDD74CDDF4 /* DemoRow.swift */ = {isa = PBXFileReference; lastKnownFileType = sourcecode.swift; path = DemoRow.swift; sourceTree = "<group>"; };
/* End PBXFileReference section */

/* Begin PBXFrameworksBuildPhase section */
		34375E0E54B74FFEC8ECFD78 /* Frameworks */ = {
			isa = PBXFrameworksBuildPhase;
			buildActionMask = 2147483647;
			files = (
				2E2C0C89D0722DC243BD5E90 /* SwiftChat in Frameworks */,
			);
			runOnlyForDeploymentPostprocessing = 0;
		};
/* End PBXFrameworksBuildPhase section */

/* Begin PBXGroup section */
		399F25A0ADDB8B63DD26A402 /* Demos */ = {
			isa = PBXGroup;
			children = (
				DFFFAF251B4D3FBF15FE4E97 /* AgentDemo.swift */,
				A02364F6DEC4FADCDF1ACF1C /* AttachmentsDemo.swift */,
				29F78B6446CF10D90B952EEF /* BenHeader.swift */,
				E3E0A003BFF8DC8F79355EE0 /* ConversationDemo.swift */,
				6310DCDF2AD4C2925E7C4403 /* DemoTranscript.swift */,
				A890D7D885B1DDDCF29ACD0C /* EmptyDemo.swift */,
				67334F85CBAA4B472C36F583 /* GroupDemo.swift */,
				65CEF02E0A409EBBE51F9589 /* HistoryDemo.swift */,
				69800184601B1FB45A0FF04E /* MessageMenu.swift */,
				1A829D8A9E5D94A57733890E /* PersonAvatar.swift */,
				713994DBB49E815139AD4415 /* TintedDemo.swift */,
			);
			path = Demos;
			sourceTree = "<group>";
		};
		4B24302FEE2E20ECE31E810A = {
			isa = PBXGroup;
			children = (
				C64B8D9627093C67179C305B /* SwiftChatDemo */,
				93BB02265B64ABA0C169DF6A /* Products */,
			);
			sourceTree = "<group>";
		};
		8038F478AA93BEC6733B5797 /* Model */ = {
			isa = PBXGroup;
			children = (
				77885356CDD1CCF675B0BE4A /* Assistant.swift */,
				E483CD7C2876148E192FAF06 /* Conversation.swift */,
				73FB359325879ACD6240A798 /* DemoMessage.swift */,
				E73CB869F051C937CE459CC4 /* People.swift */,
				E680EC0840211B423FBA925A /* SampleThreads.swift */,
			);
			path = Model;
			sourceTree = "<group>";
		};
		93BB02265B64ABA0C169DF6A /* Products */ = {
			isa = PBXGroup;
			children = (
				55C46238396693047C044216 /* SwiftChatDemo.app */,
			);
			name = Products;
			sourceTree = "<group>";
		};
		C64B8D9627093C67179C305B /* SwiftChatDemo */ = {
			isa = PBXGroup;
			children = (
				DA2FEA23702CA3F889A6912C /* Assets.xcassets */,
				9FC8698A6BAB4C29CBF7EA63 /* Demo.swift */,
				5717982BD8F75BB38A8E75D2 /* DemoDestination.swift */,
				47057ED3B8A6B47174132EC1 /* DemoList.swift */,
				F3750738EE0575DDD74CDDF4 /* DemoRow.swift */,
				CB690B725BC736B04E3F57EA /* SwiftChatDemoApp.swift */,
				399F25A0ADDB8B63DD26A402 /* Demos */,
				8038F478AA93BEC6733B5797 /* Model */,
			);
			path = SwiftChatDemo;
			sourceTree = "<group>";
		};
/* End PBXGroup section */

/* Begin PBXNativeTarget section */
		DF6715291B3025CC841683DC /* SwiftChatDemo */ = {
			isa = PBXNativeTarget;
			buildConfigurationList = D1013F74C7D5FDA10F5DDB80 /* Build configuration list for PBXNativeTarget "SwiftChatDemo" */;
			buildPhases = (
				0CBD47E165B524409287AE1E /* Sources */,
				6E1C321333CA12C14477DD45 /* Resources */,
				34375E0E54B74FFEC8ECFD78 /* Frameworks */,
			);
			buildRules = (
			);
			dependencies = (
			);
			name = SwiftChatDemo;
			packageProductDependencies = (
				B2A0E87F165C139C715B858E /* SwiftChat */,
			);
			productName = SwiftChatDemo;
			productReference = 55C46238396693047C044216 /* SwiftChatDemo.app */;
			productType = "com.apple.product-type.application";
		};
/* End PBXNativeTarget section */

/* Begin PBXProject section */
		AE29D5AF30C13E30D70610CC /* Project object */ = {
			isa = PBXProject;
			attributes = {
				BuildIndependentTargetsInParallel = YES;
				LastUpgradeCheck = 1430;
				TargetAttributes = {
					DF6715291B3025CC841683DC = {
						DevelopmentTeam = VL7Q9NW3G8;
						ProvisioningStyle = Automatic;
					};
				};
			};
			buildConfigurationList = 418F7707F588A2007C2FB64E /* Build configuration list for PBXProject "SwiftChatDemo" */;
			compatibilityVersion = "Xcode 14.0";
			developmentRegion = en;
			hasScannedForEncodings = 0;
			knownRegions = (
				Base,
				en,
			);
			mainGroup = 4B24302FEE2E20ECE31E810A;
			minimizedProjectReferenceProxies = 1;
			packageReferences = (
				A3B21169C4455F1057E580B2 /* XCRemoteSwiftPackageReference "swift-chat" */,
			);
			preferredProjectObjectVersion = 54;
			projectDirPath = "";
			projectRoot = "";
			targets = (
				DF6715291B3025CC841683DC /* SwiftChatDemo */,
			);
		};
/* End PBXProject section */

/* Begin PBXResourcesBuildPhase section */
		6E1C321333CA12C14477DD45 /* Resources */ = {
			isa = PBXResourcesBuildPhase;
			buildActionMask = 2147483647;
			files = (
				D47E01E10006AD033674E7D5 /* Assets.xcassets in Resources */,
			);
			runOnlyForDeploymentPostprocessing = 0;
		};
/* End PBXResourcesBuildPhase section */

/* Begin PBXSourcesBuildPhase section */
		0CBD47E165B524409287AE1E /* Sources */ = {
			isa = PBXSourcesBuildPhase;
			buildActionMask = 2147483647;
			files = (
				4CC62686EE0BA57A7A598806 /* AgentDemo.swift in Sources */,
				EEDC58792C9C6A1CE5061936 /* Assistant.swift in Sources */,
				181C56CAC2F2A7A67ABF2D08 /* AttachmentsDemo.swift in Sources */,
				54729615BC515F740024C3FF /* BenHeader.swift in Sources */,
				F47A7EC581B36CA984B31A54 /* Conversation.swift in Sources */,
				74DA53A350A7DB2E9DCAF453 /* ConversationDemo.swift in Sources */,
				E20EEFA9AF7C8F0950A0D68C /* Demo.swift in Sources */,
				8DC73E6934906AE1781B42F1 /* DemoDestination.swift in Sources */,
				659C16A19980E47A09998F06 /* DemoList.swift in Sources */,
				813CAF5DF8F8B99593811E41 /* DemoMessage.swift in Sources */,
				A326E6B654EDAC79A8D069CB /* DemoRow.swift in Sources */,
				A131654AD17369F5182BEBF6 /* DemoTranscript.swift in Sources */,
				F00F3C9B9BEF8AA7B4C789FF /* EmptyDemo.swift in Sources */,
				A522595215F7F1B96795A45C /* GroupDemo.swift in Sources */,
				5EA50472BBF53217D45C16BC /* HistoryDemo.swift in Sources */,
				99FBA294BBC482900260099A /* MessageMenu.swift in Sources */,
				EB1760A8AE04C95A3C59CE7F /* People.swift in Sources */,
				9D84E963A3B525FB0D95A638 /* PersonAvatar.swift in Sources */,
				3F4388E82BDCDEA0D0E422BD /* SampleThreads.swift in Sources */,
				2F02211906509A252CD36DF9 /* SwiftChatDemoApp.swift in Sources */,
				CDB554CEF44F0F83280BDE95 /* TintedDemo.swift in Sources */,
			);
			runOnlyForDeploymentPostprocessing = 0;
		};
/* End PBXSourcesBuildPhase section */

/* Begin XCBuildConfiguration section */
		29E4A6D524787B14702D9B53 /* Debug */ = {
			isa = XCBuildConfiguration;
			buildSettings = {
				ALWAYS_SEARCH_USER_PATHS = NO;
				CLANG_ANALYZER_NONNULL = YES;
				CLANG_ANALYZER_NUMBER_OBJECT_CONVERSION = YES_AGGRESSIVE;
				CLANG_CXX_LANGUAGE_STANDARD = "gnu++14";
				CLANG_CXX_LIBRARY = "libc++";
				CLANG_ENABLE_MODULES = YES;
				CLANG_ENABLE_OBJC_ARC = YES;
				CLANG_ENABLE_OBJC_WEAK = YES;
				CLANG_WARN_BLOCK_CAPTURE_AUTORELEASING = YES;
				CLANG_WARN_BOOL_CONVERSION = YES;
				CLANG_WARN_COMMA = YES;
				CLANG_WARN_CONSTANT_CONVERSION = YES;
				CLANG_WARN_DEPRECATED_OBJC_IMPLEMENTATIONS = YES;
				CLANG_WARN_DIRECT_OBJC_ISA_USAGE = YES_ERROR;
				CLANG_WARN_DOCUMENTATION_COMMENTS = YES;
				CLANG_WARN_EMPTY_BODY = YES;
				CLANG_WARN_ENUM_CONVERSION = YES;
				CLANG_WARN_INFINITE_RECURSION = YES;
				CLANG_WARN_INT_CONVERSION = YES;
				CLANG_WARN_NON_LITERAL_NULL_CONVERSION = YES;
				CLANG_WARN_OBJC_IMPLICIT_RETAIN_SELF = YES;
				CLANG_WARN_OBJC_LITERAL_CONVERSION = YES;
				CLANG_WARN_OBJC_ROOT_CLASS = YES_ERROR;
				CLANG_WARN_QUOTED_INCLUDE_IN_FRAMEWORK_HEADER = YES;
				CLANG_WARN_RANGE_LOOP_ANALYSIS = YES;
				CLANG_WARN_STRICT_PROTOTYPES = YES;
				CLANG_WARN_SUSPICIOUS_MOVE = YES;
				CLANG_WARN_UNGUARDED_AVAILABILITY = YES_AGGRESSIVE;
				CLANG_WARN_UNREACHABLE_CODE = YES;
				CLANG_WARN__DUPLICATE_METHOD_MATCH = YES;
				COPY_PHASE_STRIP = NO;
				DEBUG_INFORMATION_FORMAT = dwarf;
				ENABLE_STRICT_OBJC_MSGSEND = YES;
				ENABLE_TESTABILITY = YES;
				GCC_C_LANGUAGE_STANDARD = gnu11;
				GCC_DYNAMIC_NO_PIC = NO;
				GCC_NO_COMMON_BLOCKS = YES;
				GCC_OPTIMIZATION_LEVEL = 0;
				GCC_PREPROCESSOR_DEFINITIONS = (
					"$(inherited)",
					"DEBUG=1",
				);
				GCC_WARN_64_TO_32_BIT_CONVERSION = YES;
				GCC_WARN_ABOUT_RETURN_TYPE = YES_ERROR;
				GCC_WARN_UNDECLARED_SELECTOR = YES;
				GCC_WARN_UNINITIALIZED_AUTOS = YES_AGGRESSIVE;
				GCC_WARN_UNUSED_FUNCTION = YES;
				GCC_WARN_UNUSED_VARIABLE = YES;
				IPHONEOS_DEPLOYMENT_TARGET = 18.0;
				MTL_ENABLE_DEBUG_INFO = INCLUDE_SOURCE;
				MTL_FAST_MATH = YES;
				ONLY_ACTIVE_ARCH = YES;
				PRODUCT_NAME = "$(TARGET_NAME)";
				SDKROOT = iphoneos;
				SWIFT_ACTIVE_COMPILATION_CONDITIONS = DEBUG;
				SWIFT_OPTIMIZATION_LEVEL = "-Onone";
				SWIFT_VERSION = 5.0;
			};
			name = Debug;
		};
		3F83005EDAF69A11F8F6B888 /* Release */ = {
			isa = XCBuildConfiguration;
			buildSettings = {
				ALWAYS_SEARCH_USER_PATHS = NO;
				CLANG_ANALYZER_NONNULL = YES;
				CLANG_ANALYZER_NUMBER_OBJECT_CONVERSION = YES_AGGRESSIVE;
				CLANG_CXX_LANGUAGE_STANDARD = "gnu++14";
				CLANG_CXX_LIBRARY = "libc++";
				CLANG_ENABLE_MODULES = YES;
				CLANG_ENABLE_OBJC_ARC = YES;
				CLANG_ENABLE_OBJC_WEAK = YES;
				CLANG_WARN_BLOCK_CAPTURE_AUTORELEASING = YES;
				CLANG_WARN_BOOL_CONVERSION = YES;
				CLANG_WARN_COMMA = YES;
				CLANG_WARN_CONSTANT_CONVERSION = YES;
				CLANG_WARN_DEPRECATED_OBJC_IMPLEMENTATIONS = YES;
				CLANG_WARN_DIRECT_OBJC_ISA_USAGE = YES_ERROR;
				CLANG_WARN_DOCUMENTATION_COMMENTS = YES;
				CLANG_WARN_EMPTY_BODY = YES;
				CLANG_WARN_ENUM_CONVERSION = YES;
				CLANG_WARN_INFINITE_RECURSION = YES;
				CLANG_WARN_INT_CONVERSION = YES;
				CLANG_WARN_NON_LITERAL_NULL_CONVERSION = YES;
				CLANG_WARN_OBJC_IMPLICIT_RETAIN_SELF = YES;
				CLANG_WARN_OBJC_LITERAL_CONVERSION = YES;
				CLANG_WARN_OBJC_ROOT_CLASS = YES_ERROR;
				CLANG_WARN_QUOTED_INCLUDE_IN_FRAMEWORK_HEADER = YES;
				CLANG_WARN_RANGE_LOOP_ANALYSIS = YES;
				CLANG_WARN_STRICT_PROTOTYPES = YES;
				CLANG_WARN_SUSPICIOUS_MOVE = YES;
				CLANG_WARN_UNGUARDED_AVAILABILITY = YES_AGGRESSIVE;
				CLANG_WARN_UNREACHABLE_CODE = YES;
				CLANG_WARN__DUPLICATE_METHOD_MATCH = YES;
				COPY_PHASE_STRIP = NO;
				DEBUG_INFORMATION_FORMAT = "dwarf-with-dsym";
				ENABLE_NS_ASSERTIONS = NO;
				ENABLE_STRICT_OBJC_MSGSEND = YES;
				GCC_C_LANGUAGE_STANDARD = gnu11;
				GCC_NO_COMMON_BLOCKS = YES;
				GCC_WARN_64_TO_32_BIT_CONVERSION = YES;
				GCC_WARN_ABOUT_RETURN_TYPE = YES_ERROR;
				GCC_WARN_UNDECLARED_SELECTOR = YES;
				GCC_WARN_UNINITIALIZED_AUTOS = YES_AGGRESSIVE;
				GCC_WARN_UNUSED_FUNCTION = YES;
				GCC_WARN_UNUSED_VARIABLE = YES;
				IPHONEOS_DEPLOYMENT_TARGET = 18.0;
				MTL_ENABLE_DEBUG_INFO = NO;
				MTL_FAST_MATH = YES;
				PRODUCT_NAME = "$(TARGET_NAME)";
				SDKROOT = iphoneos;
				SWIFT_COMPILATION_MODE = wholemodule;
				SWIFT_OPTIMIZATION_LEVEL = "-O";
				SWIFT_VERSION = 5.0;
			};
			name = Release;
		};
		978B3C43EB4EC4AFDF651EC6 /* Debug */ = {
			isa = XCBuildConfiguration;
			buildSettings = {
				ASSETCATALOG_COMPILER_APPICON_NAME = AppIcon;
				CODE_SIGN_IDENTITY = "iPhone Developer";
				CODE_SIGN_STYLE = Automatic;
				CURRENT_PROJECT_VERSION = 2;
				DEVELOPMENT_TEAM = VL7Q9NW3G8;
				GENERATE_INFOPLIST_FILE = YES;
				INFOPLIST_KEY_CFBundleDisplayName = "Swift Chat";
				INFOPLIST_KEY_ITSAppUsesNonExemptEncryption = NO;
				INFOPLIST_KEY_NSCameraUsageDescription = "To attach a photo you take.";
				INFOPLIST_KEY_NSPhotoLibraryUsageDescription = "To attach a photo from your library.";
				INFOPLIST_KEY_UIApplicationSceneManifest_Generation = YES;
				INFOPLIST_KEY_UILaunchScreen_Generation = YES;
				INFOPLIST_KEY_UISupportedInterfaceOrientations = UIInterfaceOrientationPortrait;
				LD_RUNPATH_SEARCH_PATHS = (
					"$(inherited)",
					"@executable_path/Frameworks",
				);
				MARKETING_VERSION = 1.0;
				PRODUCT_BUNDLE_IDENTIFIER = com.unionst.SwiftChatDemo;
				PRODUCT_NAME = SwiftChatDemo;
				SDKROOT = iphoneos;
				SWIFT_VERSION = 6.0;
				TARGETED_DEVICE_FAMILY = 1;
			};
			name = Debug;
		};
		B32B3A8B0C8F15314D7D2C9F /* Release */ = {
			isa = XCBuildConfiguration;
			buildSettings = {
				ASSETCATALOG_COMPILER_APPICON_NAME = AppIcon;
				CODE_SIGN_IDENTITY = "iPhone Developer";
				CODE_SIGN_STYLE = Automatic;
				CURRENT_PROJECT_VERSION = 2;
				DEVELOPMENT_TEAM = VL7Q9NW3G8;
				GENERATE_INFOPLIST_FILE = YES;
				INFOPLIST_KEY_CFBundleDisplayName = "Swift Chat";
				INFOPLIST_KEY_ITSAppUsesNonExemptEncryption = NO;
				INFOPLIST_KEY_NSCameraUsageDescription = "To attach a photo you take.";
				INFOPLIST_KEY_NSPhotoLibraryUsageDescription = "To attach a photo from your library.";
				INFOPLIST_KEY_UIApplicationSceneManifest_Generation = YES;
				INFOPLIST_KEY_UILaunchScreen_Generation = YES;
				INFOPLIST_KEY_UISupportedInterfaceOrientations = UIInterfaceOrientationPortrait;
				LD_RUNPATH_SEARCH_PATHS = (
					"$(inherited)",
					"@executable_path/Frameworks",
				);
				MARKETING_VERSION = 1.0;
				PRODUCT_BUNDLE_IDENTIFIER = com.unionst.SwiftChatDemo;
				PRODUCT_NAME = SwiftChatDemo;
				SDKROOT = iphoneos;
				SWIFT_VERSION = 6.0;
				TARGETED_DEVICE_FAMILY = 1;
			};
			name = Release;
		};
/* End XCBuildConfiguration section */

/* Begin XCConfigurationList section */
		418F7707F588A2007C2FB64E /* Build configuration list for PBXProject "SwiftChatDemo" */ = {
			isa = XCConfigurationList;
			buildConfigurations = (
				29E4A6D524787B14702D9B53 /* Debug */,
				3F83005EDAF69A11F8F6B888 /* Release */,
			);
			defaultConfigurationIsVisible = 0;
			defaultConfigurationName = Debug;
		};
		D1013F74C7D5FDA10F5DDB80 /* Build configuration list for PBXNativeTarget "SwiftChatDemo" */ = {
			isa = XCConfigurationList;
			buildConfigurations = (
				978B3C43EB4EC4AFDF651EC6 /* Debug */,
				B32B3A8B0C8F15314D7D2C9F /* Release */,
			);
			defaultConfigurationIsVisible = 0;
			defaultConfigurationName = Debug;
		};
/* End XCConfigurationList section */

/* Begin XCRemoteSwiftPackageReference section */
		A3B21169C4455F1057E580B2 /* XCRemoteSwiftPackageReference "swift-chat" */ = {
			isa = XCRemoteSwiftPackageReference;
			repositoryURL = "https://github.com/unionst/swift-chat.git";
			requirement = {
				kind = upToNextMajorVersion;
				minimumVersion = 1.0.7;
			};
		};
/* End XCRemoteSwiftPackageReference section */

/* Begin XCSwiftPackageProductDependency section */
		B2A0E87F165C139C715B858E /* SwiftChat */ = {
			isa = XCSwiftPackageProductDependency;
			package = A3B21169C4455F1057E580B2 /* XCRemoteSwiftPackageReference "swift-chat" */;
			productName = SwiftChat;
		};
/* End XCSwiftPackageProductDependency section */
	};
	rootObject = AE29D5AF30C13E30D70610CC /* Project object */;
}
