{
  "originHash" : "b40a03eebf4693788331cbe356b2ecc9785c32abc060864677dabe9e852b95f4",
  "pins" : [
    {
      "identity" : "swift-chat",
      "kind" : "remoteSourceControl",
      "location" : "https://github.com/unionst/swift-chat.git",
      "state" : {
        "revision" : "8a8f0ef5b9f49f3b685dc8f4b864dbc4d2e8b892",
        "version" : "1.0.6"
      }
    }
  ],
  "version" : 3
}
