{
  "originHash" : "b40a03eebf4693788331cbe356b2ecc9785c32abc060864677dabe9e852b95f4",
  "pins" : [
    {
      "identity" : "swift-chat",
      "kind" : "remoteSourceControl",
      "location" : "https://github.com/unionst/swift-chat.git",
      "state" : {
        "revision" : "4a7f37b8b01201c73be9974a2a612a5c8439e7ba",
        "version" : "1.0.7"
      }
    }
  ],
  "version" : 3
}
