{
  "originHash" : "b40a03eebf4693788331cbe356b2ecc9785c32abc060864677dabe9e852b95f4",
  "pins" : [
    {
      "identity" : "swift-chat",
      "kind" : "remoteSourceControl",
      "location" : "https://github.com/unionst/swift-chat.git",
      "state" : {
        "revision" : "46af244ec5437dc1252ca4e0314dd16a1174267b",
        "version" : "1.0.4"
      }
    }
  ],
  "version" : 3
}
